
Microsoft Visual Studio Solution File, Format Version 12.00
# Visual Studio Version 17
VisualStudioVersion = 17.4.33122.133
MinimumVisualStudioVersion = 10.0.40219.1
Project("{FAE04EC0-301F-11D3-BF4B-00C04F79EFBC}") = "SAFX.ExceptionHandling.UsingMiddleware", "Src\SAFX.ExceptionHandling.UsingMiddleware\SAFX.ExceptionHandling.UsingMiddleware.csproj", "{2359E5E9-3A1E-46A9-B317-D011B124CCDB}"
EndProject
Project("{FAE04EC0-301F-11D3-BF4B-00C04F79EFBC}") = "SAFX.ExceptionHandling.UsingFilters", "Src\SAFX.ExceptionHandling.UsingFilters\SAFX.ExceptionHandling.UsingFilters.csproj", "{69C1F7EB-4E0F-4EC0-8300-84F2F40E4DC0}"
EndProject
Project("{FAE04EC0-301F-11D3-BF4B-00C04F79EFBC}") = "SAFX.ExceptionHandling.UsingProblemDetail", "Src\SAFX.ExceptionHandling.UsingProblemDetail\SAFX.ExceptionHandling.UsingProblemDetail.csproj", "{77ADD6D9-1145-44E2-AD4D-E27DC89A7C51}"
EndProject
Project("{FAE04EC0-301F-11D3-BF4B-00C04F79EFBC}") = "SAFX.ExceptionHandling.UsingUseExceptionHandler", "Src\SAFX.ExceptionHandling.UsingUseExceptionHandler\SAFX.ExceptionHandling.UsingUseExceptionHandler.csproj", "{6CC6CDBD-37A4-4586-851F-EBC272655706}"
EndProject
Global
	GlobalSection(SolutionConfigurationPlatforms) = preSolution
		Debug|Any CPU = Debug|Any CPU
		Release|Any CPU = Release|Any CPU
	EndGlobalSection
	GlobalSection(ProjectConfigurationPlatforms) = postSolution
		{2359E5E9-3A1E-46A9-B317-D011B124CCDB}.Debug|Any CPU.ActiveCfg = Debug|Any CPU
		{2359E5E9-3A1E-46A9-B317-D011B124CCDB}.Debug|Any CPU.Build.0 = Debug|Any CPU
		{2359E5E9-3A1E-46A9-B317-D011B124CCDB}.Release|Any CPU.ActiveCfg = Release|Any CPU
		{2359E5E9-3A1E-46A9-B317-D011B124CCDB}.Release|Any CPU.Build.0 = Release|Any CPU
		{69C1F7EB-4E0F-4EC0-8300-84F2F40E4DC0}.Debug|Any CPU.ActiveCfg = Debug|Any CPU
		{69C1F7EB-4E0F-4EC0-8300-84F2F40E4DC0}.Debug|Any CPU.Build.0 = Debug|Any CPU
		{69C1F7EB-4E0F-4EC0-8300-84F2F40E4DC0}.Release|Any CPU.ActiveCfg = Release|Any CPU
		{69C1F7EB-4E0F-4EC0-8300-84F2F40E4DC0}.Release|Any CPU.Build.0 = Release|Any CPU
		{77ADD6D9-1145-44E2-AD4D-E27DC89A7C51}.Debug|Any CPU.ActiveCfg = Debug|Any CPU
		{77ADD6D9-1145-44E2-AD4D-E27DC89A7C51}.Debug|Any CPU.Build.0 = Debug|Any CPU
		{77ADD6D9-1145-44E2-AD4D-E27DC89A7C51}.Release|Any CPU.ActiveCfg = Release|Any CPU
		{77ADD6D9-1145-44E2-AD4D-E27DC89A7C51}.Release|Any CPU.Build.0 = Release|Any CPU
		{6CC6CDBD-37A4-4586-851F-EBC272655706}.Debug|Any CPU.ActiveCfg = Debug|Any CPU
		{6CC6CDBD-37A4-4586-851F-EBC272655706}.Debug|Any CPU.Build.0 = Debug|Any CPU
		{6CC6CDBD-37A4-4586-851F-EBC272655706}.Release|Any CPU.ActiveCfg = Release|Any CPU
		{6CC6CDBD-37A4-4586-851F-EBC272655706}.Release|Any CPU.Build.0 = Release|Any CPU
	EndGlobalSection
	GlobalSection(SolutionProperties) = preSolution
		HideSolutionNode = FALSE
	EndGlobalSection
	GlobalSection(ExtensibilityGlobals) = postSolution
		SolutionGuid = {8E34CE59-1BFE-4D14-B18B-A2CDA177D4BF}
	EndGlobalSection
EndGlobal
